
Microsoft Visual Studio Solution File, Format Version 12.00
# Visual Studio Version 17
VisualStudioVersion = 17.9.34728.123
MinimumVisualStudioVersion = 10.0.40219.1
Project("{FAE04EC0-301F-11D3-BF4B-00C04F79EFBC}") = "DIDemo", "DIDemo\DIDemo.csproj", "{DB21D23B-6C56-46BA-B0DD-6AA4E15AC3F5}"
EndProject
Global
	GlobalSection(SolutionConfigurationPlatforms) = preSolution
		Debug|Any CPU = Debug|Any CPU
		Release|Any CPU = Release|Any CPU
	EndGlobalSection
	GlobalSection(ProjectConfigurationPlatforms) = postSolution
		{DB21D23B-6C56-46BA-B0DD-6AA4E15AC3F5}.Debug|Any CPU.ActiveCfg = Debug|Any CPU
		{DB21D23B-6C56-46BA-B0DD-6AA4E15AC3F5}.Debug|Any CPU.Build.0 = Debug|Any CPU
		{DB21D23B-6C56-46BA-B0DD-6AA4E15AC3F5}.Release|Any CPU.ActiveCfg = Release|Any CPU
		{DB21D23B-6C56-46BA-B0DD-6AA4E15AC3F5}.Release|Any CPU.Build.0 = Release|Any CPU
	EndGlobalSection
	GlobalSection(SolutionProperties) = preSolution
		HideSolutionNode = FALSE
	EndGlobalSection
	GlobalSection(ExtensibilityGlobals) = postSolution
		SolutionGuid = {8CFE81BD-9A92-448B-BFDB-6F963E3D6C20}
	EndGlobalSection
EndGlobal
